
Microsoft Visual Studio Solution File, Format Version 12.00
# Visual Studio Version 17
VisualStudioVersion = 17.9.34723.18
MinimumVisualStudioVersion = 10.0.40219.1
Project("{FAE04EC0-301F-11D3-BF4B-00C04F79EFBC}") = "lab sheet 3 - Q4", "lab sheet 3 - Q4.csproj", "{BD031BB9-A136-4E9D-ABEE-D700FC601276}"
EndProject
Global
	GlobalSection(SolutionConfigurationPlatforms) = preSolution
		Debug|Any CPU = Debug|Any CPU
		Release|Any CPU = Release|Any CPU
	EndGlobalSection
	GlobalSection(ProjectConfigurationPlatforms) = postSolution
		{BD031BB9-A136-4E9D-ABEE-D700FC601276}.Debug|Any CPU.ActiveCfg = Debug|Any CPU
		{BD031BB9-A136-4E9D-ABEE-D700FC601276}.Debug|Any CPU.Build.0 = Debug|Any CPU
		{BD031BB9-A136-4E9D-ABEE-D700FC601276}.Release|Any CPU.ActiveCfg = Release|Any CPU
		{BD031BB9-A136-4E9D-ABEE-D700FC601276}.Release|Any CPU.Build.0 = Release|Any CPU
	EndGlobalSection
	GlobalSection(SolutionProperties) = preSolution
		HideSolutionNode = FALSE
	EndGlobalSection
	GlobalSection(ExtensibilityGlobals) = postSolution
		SolutionGuid = {AC89377B-E2B5-4F19-A456-86F6B3B4702C}
	EndGlobalSection
EndGlobal
