
Microsoft Visual Studio Solution File, Format Version 12.00
# Visual Studio Version 17
VisualStudioVersion = 17.8.34525.116
MinimumVisualStudioVersion = 10.0.40219.1
Project("{FAE04EC0-301F-11D3-BF4B-00C04F79EFBC}") = "LAB 3 - Q 4", "LAB 3 - Q 4.csproj", "{196C2939-0243-412E-AB77-F53433A92A4F}"
EndProject
Global
	GlobalSection(SolutionConfigurationPlatforms) = preSolution
		Debug|Any CPU = Debug|Any CPU
		Release|Any CPU = Release|Any CPU
	EndGlobalSection
	GlobalSection(ProjectConfigurationPlatforms) = postSolution
		{196C2939-0243-412E-AB77-F53433A92A4F}.Debug|Any CPU.ActiveCfg = Debug|Any CPU
		{196C2939-0243-412E-AB77-F53433A92A4F}.Debug|Any CPU.Build.0 = Debug|Any CPU
		{196C2939-0243-412E-AB77-F53433A92A4F}.Release|Any CPU.ActiveCfg = Release|Any CPU
		{196C2939-0243-412E-AB77-F53433A92A4F}.Release|Any CPU.Build.0 = Release|Any CPU
	EndGlobalSection
	GlobalSection(SolutionProperties) = preSolution
		HideSolutionNode = FALSE
	EndGlobalSection
	GlobalSection(ExtensibilityGlobals) = postSolution
		SolutionGuid = {F4E0F3FB-3C18-4CAE-A0B5-47663496D645}
	EndGlobalSection
EndGlobal
